
Microsoft Visual Studio Solution File, Format Version 12.00
# Visual Studio Version 17
VisualStudioVersion = 17.0.31903.59
MinimumVisualStudioVersion = 10.0.40219.1
Project("{9A19103F-16F7-4668-BE54-9A1E7A4F7556}") = "AppOndeE.Cliente", "AppOndeE.Cliente\AppOndeE.Cliente.csproj", "{344A4633-788A-4BF7-9FB7-E504EF226764}"
EndProject
Project("{9A19103F-16F7-4668-BE54-9A1E7A4F7556}") = "AppOndeE.Dao", "AppOndeE.Dao\AppOndeE.Dao.csproj", "{54A68132-4BF7-48F4-BFB7-EAB6FFF9DCA1}"
EndProject
Project("{9A19103F-16F7-4668-BE54-9A1E7A4F7556}") = "AppOndeE.Model", "AppOndeE.Model\AppOndeE.Model.csproj", "{7BB3E777-E230-4AB8-AD6C-914FA141DBC8}"
EndProject
Global
	GlobalSection(SolutionConfigurationPlatforms) = preSolution
		Debug|Any CPU = Debug|Any CPU
		Debug|iPhone = Debug|iPhone
		Debug|iPhoneSimulator = Debug|iPhoneSimulator
		Release|Any CPU = Release|Any CPU
		Release|iPhone = Release|iPhone
		Release|iPhoneSimulator = Release|iPhoneSimulator
	EndGlobalSection
	GlobalSection(ProjectConfigurationPlatforms) = postSolution
		{344A4633-788A-4BF7-9FB7-E504EF226764}.Debug|Any CPU.ActiveCfg = Debug|Any CPU
		{344A4633-788A-4BF7-9FB7-E504EF226764}.Debug|Any CPU.Build.0 = Debug|Any CPU
		{344A4633-788A-4BF7-9FB7-E504EF226764}.Debug|iPhone.ActiveCfg = Debug|Any CPU
		{344A4633-788A-4BF7-9FB7-E504EF226764}.Debug|iPhone.Build.0 = Debug|Any CPU
		{344A4633-788A-4BF7-9FB7-E504EF226764}.Debug|iPhoneSimulator.ActiveCfg = Debug|Any CPU
		{344A4633-788A-4BF7-9FB7-E504EF226764}.Debug|iPhoneSimulator.Build.0 = Debug|Any CPU
		{344A4633-788A-4BF7-9FB7-E504EF226764}.Release|Any CPU.ActiveCfg = Release|Any CPU
		{344A4633-788A-4BF7-9FB7-E504EF226764}.Release|Any CPU.Build.0 = Release|Any CPU
		{344A4633-788A-4BF7-9FB7-E504EF226764}.Release|iPhone.ActiveCfg = Release|Any CPU
		{344A4633-788A-4BF7-9FB7-E504EF226764}.Release|iPhone.Build.0 = Release|Any CPU
		{344A4633-788A-4BF7-9FB7-E504EF226764}.Release|iPhoneSimulator.ActiveCfg = Release|Any CPU
		{344A4633-788A-4BF7-9FB7-E504EF226764}.Release|iPhoneSimulator.Build.0 = Release|Any CPU
		{54A68132-4BF7-48F4-BFB7-EAB6FFF9DCA1}.Debug|Any CPU.ActiveCfg = Debug|Any CPU
		{54A68132-4BF7-48F4-BFB7-EAB6FFF9DCA1}.Debug|Any CPU.Build.0 = Debug|Any CPU
		{54A68132-4BF7-48F4-BFB7-EAB6FFF9DCA1}.Debug|iPhone.ActiveCfg = Debug|Any CPU
		{54A68132-4BF7-48F4-BFB7-EAB6FFF9DCA1}.Debug|iPhone.Build.0 = Debug|Any CPU
		{54A68132-4BF7-48F4-BFB7-EAB6FFF9DCA1}.Debug|iPhoneSimulator.ActiveCfg = Debug|Any CPU
		{54A68132-4BF7-48F4-BFB7-EAB6FFF9DCA1}.Debug|iPhoneSimulator.Build.0 = Debug|Any CPU
		{54A68132-4BF7-48F4-BFB7-EAB6FFF9DCA1}.Release|Any CPU.ActiveCfg = Release|Any CPU
		{54A68132-4BF7-48F4-BFB7-EAB6FFF9DCA1}.Release|Any CPU.Build.0 = Release|Any CPU
		{54A68132-4BF7-48F4-BFB7-EAB6FFF9DCA1}.Release|iPhone.ActiveCfg = Release|Any CPU
		{54A68132-4BF7-48F4-BFB7-EAB6FFF9DCA1}.Release|iPhone.Build.0 = Release|Any CPU
		{54A68132-4BF7-48F4-BFB7-EAB6FFF9DCA1}.Release|iPhoneSimulator.ActiveCfg = Release|Any CPU
		{54A68132-4BF7-48F4-BFB7-EAB6FFF9DCA1}.Release|iPhoneSimulator.Build.0 = Release|Any CPU
		{7BB3E777-E230-4AB8-AD6C-914FA141DBC8}.Debug|Any CPU.ActiveCfg = Debug|Any CPU
		{7BB3E777-E230-4AB8-AD6C-914FA141DBC8}.Debug|Any CPU.Build.0 = Debug|Any CPU
		{7BB3E777-E230-4AB8-AD6C-914FA141DBC8}.Debug|iPhone.ActiveCfg = Debug|Any CPU
		{7BB3E777-E230-4AB8-AD6C-914FA141DBC8}.Debug|iPhone.Build.0 = Debug|Any CPU
		{7BB3E777-E230-4AB8-AD6C-914FA141DBC8}.Debug|iPhoneSimulator.ActiveCfg = Debug|Any CPU
		{7BB3E777-E230-4AB8-AD6C-914FA141DBC8}.Debug|iPhoneSimulator.Build.0 = Debug|Any CPU
		{7BB3E777-E230-4AB8-AD6C-914FA141DBC8}.Release|Any CPU.ActiveCfg = Release|Any CPU
		{7BB3E777-E230-4AB8-AD6C-914FA141DBC8}.Release|Any CPU.Build.0 = Release|Any CPU
		{7BB3E777-E230-4AB8-AD6C-914FA141DBC8}.Release|iPhone.ActiveCfg = Release|Any CPU
		{7BB3E777-E230-4AB8-AD6C-914FA141DBC8}.Release|iPhone.Build.0 = Release|Any CPU
		{7BB3E777-E230-4AB8-AD6C-914FA141DBC8}.Release|iPhoneSimulator.ActiveCfg = Release|Any CPU
		{7BB3E777-E230-4AB8-AD6C-914FA141DBC8}.Release|iPhoneSimulator.Build.0 = Release|Any CPU
	EndGlobalSection
	GlobalSection(SolutionProperties) = preSolution
		HideSolutionNode = FALSE
	EndGlobalSection
	GlobalSection(ExtensibilityGlobals) = postSolution
		SolutionGuid = {662FAE2F-3013-4262-9422-3CFC9304CBE1}
	EndGlobalSection
EndGlobal
