
Microsoft Visual Studio Solution File, Format Version 12.00
# Visual Studio Version 17
VisualStudioVersion = 17.0.31903.59
MinimumVisualStudioVersion = 10.0.40219.1
Project("{FAE04EC0-301F-11D3-BF4B-00C04F79EFBC}") = "AppOndeE.Mobile.Users", "AppOndeE.Mobile.Users\AppOndeE.Mobile.Users.csproj", "{72423D91-EBD0-44CD-983F-6C8FCFEAC56D}"
EndProject
Global
	GlobalSection(SolutionConfigurationPlatforms) = preSolution
		Debug|Any CPU = Debug|Any CPU
		Release|Any CPU = Release|Any CPU
	EndGlobalSection
	GlobalSection(ProjectConfigurationPlatforms) = postSolution
		{72423D91-EBD0-44CD-983F-6C8FCFEAC56D}.Debug|Any CPU.ActiveCfg = Debug|Any CPU
		{72423D91-EBD0-44CD-983F-6C8FCFEAC56D}.Debug|Any CPU.Build.0 = Debug|Any CPU
		{72423D91-EBD0-44CD-983F-6C8FCFEAC56D}.Debug|Any CPU.Deploy.0 = Debug|Any CPU
		{72423D91-EBD0-44CD-983F-6C8FCFEAC56D}.Release|Any CPU.ActiveCfg = Release|Any CPU
		{72423D91-EBD0-44CD-983F-6C8FCFEAC56D}.Release|Any CPU.Build.0 = Release|Any CPU
		{72423D91-EBD0-44CD-983F-6C8FCFEAC56D}.Release|Any CPU.Deploy.0 = Release|Any CPU
	EndGlobalSection
	GlobalSection(SolutionProperties) = preSolution
		HideSolutionNode = FALSE
	EndGlobalSection
	GlobalSection(ExtensibilityGlobals) = postSolution
		SolutionGuid = {D24AE9AA-505B-4D8C-B504-CDA10B701EA1}
	EndGlobalSection
EndGlobal
